
Microsoft Visual Studio Solution File, Format Version 12.00
# Visual Studio 15
VisualStudioVersion = 15.0.26730.12
MinimumVisualStudioVersion = 10.0.40219.1
Project("{FAE04EC0-301F-11D3-BF4B-00C04F79EFBC}") = "TradingGameWPA", "TradingGameWPA\TradingGameWPA.csproj", "{BC20BB1C-09C4-4FBA-9E4D-F8DE8D7042B7}"
EndProject
Global
	GlobalSection(SolutionConfigurationPlatforms) = preSolution
		Debug|Any CPU = Debug|Any CPU
		Release|Any CPU = Release|Any CPU
	EndGlobalSection
	GlobalSection(ProjectConfigurationPlatforms) = postSolution
		{BC20BB1C-09C4-4FBA-9E4D-F8DE8D7042B7}.Debug|Any CPU.ActiveCfg = Debug|Any CPU
		{BC20BB1C-09C4-4FBA-9E4D-F8DE8D7042B7}.Debug|Any CPU.Build.0 = Debug|Any CPU
		{BC20BB1C-09C4-4FBA-9E4D-F8DE8D7042B7}.Release|Any CPU.ActiveCfg = Release|Any CPU
		{BC20BB1C-09C4-4FBA-9E4D-F8DE8D7042B7}.Release|Any CPU.Build.0 = Release|Any CPU
	EndGlobalSection
	GlobalSection(SolutionProperties) = preSolution
		HideSolutionNode = FALSE
	EndGlobalSection
	GlobalSection(ExtensibilityGlobals) = postSolution
		SolutionGuid = {84241B4F-DC67-4B0F-9749-C080BDB2FA70}
	EndGlobalSection
EndGlobal
